
Microsoft Visual Studio Solution File, Format Version 12.00
# Visual Studio Version 16
VisualStudioVersion = 16.0.31515.178
MinimumVisualStudioVersion = 10.0.40219.1
Project("{9A19103F-16F7-4668-BE54-9A1E7A4F7556}") = "SimpleApp1", "SimpleApp1\SimpleApp1.csproj", "{A2ACFF0E-7C7D-4D4B-BEB1-F68680FC0656}"
EndProject
Project("{9A19103F-16F7-4668-BE54-9A1E7A4F7556}") = "SimpleApp2", "SimpleApp2\SimpleApp2.csproj", "{3D11FBB2-6847-4C5A-BDC4-A3EEF930194A}"
EndProject
Global
	GlobalSection(SolutionConfigurationPlatforms) = preSolution
		Debug|Any CPU = Debug|Any CPU
		Release|Any CPU = Release|Any CPU
	EndGlobalSection
	GlobalSection(ProjectConfigurationPlatforms) = postSolution
		{A2ACFF0E-7C7D-4D4B-BEB1-F68680FC0656}.Debug|Any CPU.ActiveCfg = Debug|Any CPU
		{A2ACFF0E-7C7D-4D4B-BEB1-F68680FC0656}.Debug|Any CPU.Build.0 = Debug|Any CPU
		{A2ACFF0E-7C7D-4D4B-BEB1-F68680FC0656}.Release|Any CPU.ActiveCfg = Release|Any CPU
		{A2ACFF0E-7C7D-4D4B-BEB1-F68680FC0656}.Release|Any CPU.Build.0 = Release|Any CPU
		{3D11FBB2-6847-4C5A-BDC4-A3EEF930194A}.Debug|Any CPU.ActiveCfg = Debug|Any CPU
		{3D11FBB2-6847-4C5A-BDC4-A3EEF930194A}.Debug|Any CPU.Build.0 = Debug|Any CPU
		{3D11FBB2-6847-4C5A-BDC4-A3EEF930194A}.Release|Any CPU.ActiveCfg = Release|Any CPU
		{3D11FBB2-6847-4C5A-BDC4-A3EEF930194A}.Release|Any CPU.Build.0 = Release|Any CPU
	EndGlobalSection
	GlobalSection(SolutionProperties) = preSolution
		HideSolutionNode = FALSE
	EndGlobalSection
	GlobalSection(ExtensibilityGlobals) = postSolution
		SolutionGuid = {E76A0C10-60DB-4D31-803D-32F15E7F7C3D}
	EndGlobalSection
EndGlobal
