
Microsoft Visual Studio Solution File, Format Version 12.00
# Visual Studio Version 16
VisualStudioVersion = 16.0.31424.327
MinimumVisualStudioVersion = 10.0.40219.1
Project("{FAE04EC0-301F-11D3-BF4B-00C04F79EFBC}") = "SimpleApp", "SimpleApp\SimpleApp.csproj", "{FE75EBE3-E6E6-4733-A81F-67443EDE7AD1}"
EndProject
Global
	GlobalSection(SolutionConfigurationPlatforms) = preSolution
		Debug|Any CPU = Debug|Any CPU
		Release|Any CPU = Release|Any CPU
	EndGlobalSection
	GlobalSection(ProjectConfigurationPlatforms) = postSolution
		{FE75EBE3-E6E6-4733-A81F-67443EDE7AD1}.Debug|Any CPU.ActiveCfg = Debug|Any CPU
		{FE75EBE3-E6E6-4733-A81F-67443EDE7AD1}.Debug|Any CPU.Build.0 = Debug|Any CPU
		{FE75EBE3-E6E6-4733-A81F-67443EDE7AD1}.Release|Any CPU.ActiveCfg = Release|Any CPU
		{FE75EBE3-E6E6-4733-A81F-67443EDE7AD1}.Release|Any CPU.Build.0 = Release|Any CPU
	EndGlobalSection
	GlobalSection(SolutionProperties) = preSolution
		HideSolutionNode = FALSE
	EndGlobalSection
	GlobalSection(ExtensibilityGlobals) = postSolution
		SolutionGuid = {3C1E2E03-DE66-4FE4-A1D4-00999EAE96C2}
	EndGlobalSection
EndGlobal
